
Microsoft Visual Studio Solution File, Format Version 12.00
# Visual Studio Version 16
VisualStudioVersion = 16.0.31515.178
MinimumVisualStudioVersion = 10.0.40219.1
Project("{888888A0-9F3D-457C-B088-3A5042F75D52}") = "Iterative and Recursive Functions", "Iterative and Recursive Functions.pyproj", "{894D53C9-B676-4EC2-B9D9-22B955E21F21}"
EndProject
Global
	GlobalSection(SolutionConfigurationPlatforms) = preSolution
		Debug|Any CPU = Debug|Any CPU
		Release|Any CPU = Release|Any CPU
	EndGlobalSection
	GlobalSection(ProjectConfigurationPlatforms) = postSolution
		{894D53C9-B676-4EC2-B9D9-22B955E21F21}.Debug|Any CPU.ActiveCfg = Debug|Any CPU
		{894D53C9-B676-4EC2-B9D9-22B955E21F21}.Release|Any CPU.ActiveCfg = Release|Any CPU
	EndGlobalSection
	GlobalSection(SolutionProperties) = preSolution
		HideSolutionNode = FALSE
	EndGlobalSection
	GlobalSection(ExtensibilityGlobals) = postSolution
		SolutionGuid = {D9AE0E25-DB0C-4FDD-A563-FB6D2AB18866}
	EndGlobalSection
EndGlobal
